
Microsoft Visual Studio Solution File, Format Version 12.00
# Visual Studio Version 17
VisualStudioVersion = 17.1.32228.430
MinimumVisualStudioVersion = 10.0.40219.1
Project("{FAE04EC0-301F-11D3-BF4B-00C04F79EFBC}") = "Laba_one", "Laba_one\Laba_one.csproj", "{2F609A61-D2B5-4345-9574-039E4D8B788B}"
EndProject
Global
	GlobalSection(SolutionConfigurationPlatforms) = preSolution
		Debug|Any CPU = Debug|Any CPU
		Release|Any CPU = Release|Any CPU
	EndGlobalSection
	GlobalSection(ProjectConfigurationPlatforms) = postSolution
		{2F609A61-D2B5-4345-9574-039E4D8B788B}.Debug|Any CPU.ActiveCfg = Debug|Any CPU
		{2F609A61-D2B5-4345-9574-039E4D8B788B}.Debug|Any CPU.Build.0 = Debug|Any CPU
		{2F609A61-D2B5-4345-9574-039E4D8B788B}.Release|Any CPU.ActiveCfg = Release|Any CPU
		{2F609A61-D2B5-4345-9574-039E4D8B788B}.Release|Any CPU.Build.0 = Release|Any CPU
	EndGlobalSection
	GlobalSection(SolutionProperties) = preSolution
		HideSolutionNode = FALSE
	EndGlobalSection
	GlobalSection(ExtensibilityGlobals) = postSolution
		SolutionGuid = {A47CED0A-F483-41F7-9A78-35652557C1B2}
	EndGlobalSection
EndGlobal
